// !$*UTF8*$!
{
	archiveVersion = 1;
	classes = {
	};
	objectVersion = 46;
	objects = {

/* Begin PBXBuildFile section */
		266FD17D1E1D7CD300935807 /* ZipOperation.m in Sources */ = {isa = PBXBuildFile; fileRef = 32EFB6FA1A8AE1A3005BB56C /* ZipOperation.m */; };
		266FD17E1E1D7CD300935807 /* BundleDumpOperation.m in Sources */ = {isa = PBXBuildFile; fileRef = 32EFB6F71A8AC2AF005BB56C /* BundleDumpOperation.m */; };
		266FD17F1E1D7CD300935807 /* FinalizeDumpOperation.m in Sources */ = {isa = PBXBuildFile; fileRef = 3282BB7B1A8C920D00E5068A /* FinalizeDumpOperation.m */; };
		266FD1801E1D7CD300935807 /* Dumper.m in Sources */ = {isa = PBXBuildFile; fileRef = 323C86B01AC05AE4008949F2 /* Dumper.m */; };
		266FD1811E1D7CD300935807 /* ASLRDisabler.m in Sources */ = {isa = PBXBuildFile; fileRef = 32BC93F31A8F726800805D14 /* ASLRDisabler.m */; };
		266FD1821E1D7CD300935807 /* ARMDumper.m in Sources */ = {isa = PBXBuildFile; fileRef = 3274B9571ABEA6E100964049 /* ARMDumper.m */; };
		266FD1831E1D7CD300935807 /* ARM64Dumper.m in Sources */ = {isa = PBXBuildFile; fileRef = 3274B95F1ABEB00400964049 /* ARM64Dumper.m */; };
		266FD1841E1D7CD300935807 /* FrameworkDumper.m in Sources */ = {isa = PBXBuildFile; fileRef = 3277BF981ACD50BD0060935A /* FrameworkDumper.m */; };
		266FD1851E1D7CD300935807 /* Framework64Dumper.m in Sources */ = {isa = PBXBuildFile; fileRef = 328CCB391ACECF4100B21225 /* Framework64Dumper.m */; };
		266FD1861E1D7CD300935807 /* FrameworkLoader.m in Sources */ = {isa = PBXBuildFile; fileRef = 326ABC891AD2B94000B21FCC /* FrameworkLoader.m */; };
		266FD1871E1D7CD300935807 /* Binary.m in Sources */ = {isa = PBXBuildFile; fileRef = 32FB77C31A89F13000BB5ABC /* Binary.m */; };
		266FD1881E1D7CD300935807 /* ClutchBundle.m in Sources */ = {isa = PBXBuildFile; fileRef = 32FB77C01A89F09300BB5ABC /* ClutchBundle.m */; };
		266FD1891E1D7CD300935807 /* Application.m in Sources */ = {isa = PBXBuildFile; fileRef = 324EA6411A8926DC00844540 /* Application.m */; };
		266FD18A1E1D7CD300935807 /* Extension.m in Sources */ = {isa = PBXBuildFile; fileRef = 32FB77A71A89BEBE00BB5ABC /* Extension.m */; };
		266FD18B1E1D7CD300935807 /* Framework.m in Sources */ = {isa = PBXBuildFile; fileRef = 32FB77A41A89BEAD00BB5ABC /* Framework.m */; };
		266FD18D1E1D7CD300935807 /* Device.m in Sources */ = {isa = PBXBuildFile; fileRef = 3258FD631A90AAED007C2E66 /* Device.m */; };
		266FD18E1E1D7CD300935807 /* SCInfoBuilder.m in Sources */ = {isa = PBXBuildFile; fileRef = 328CCB3E1ACED00600B21225 /* SCInfoBuilder.m */; };
		266FD18F1E1D7CD300935807 /* sha1.c in Sources */ = {isa = PBXBuildFile; fileRef = ADAD7C171C5B3C8600644FD6 /* sha1.c */; };
		266FD1901E1D7CD300935807 /* scinfo.m in Sources */ = {isa = PBXBuildFile; fileRef = 328CCB361ACECEB500B21225 /* scinfo.m */; };
		266FD1911E1D7CD300935807 /* optool-headers.m in Sources */ = {isa = PBXBuildFile; fileRef = 3282BE071A8D9ACD00E5068A /* optool-headers.m */; };
		266FD1921E1D7CD300935807 /* optool-operations.m in Sources */ = {isa = PBXBuildFile; fileRef = 3282BE0B1A8D9ACD00E5068A /* optool-operations.m */; };
		266FD1931E1D7CD300935807 /* NSData+Reading.m in Sources */ = {isa = PBXBuildFile; fileRef = 3282BE091A8D9ACD00E5068A /* NSData+Reading.m */; };
		266FD1971E1D7CD300935807 /* ZipArchive.m in Sources */ = {isa = PBXBuildFile; fileRef = 32EFB6CF1A8A4F0E005BB56C /* ZipArchive.m */; };
		266FD19C1E1D7CD300935807 /* NSFileHandle+Private.m in Sources */ = {isa = PBXBuildFile; fileRef = 328359DD1ACC118D003587F3 /* NSFileHandle+Private.m */; };
		266FD19D1E1D7CD300935807 /* NSBundle+Clutch.m in Sources */ = {isa = PBXBuildFile; fileRef = 326E8D2D1AE53DED00DCDD64 /* NSBundle+Clutch.m */; };
		266FD19E1E1D7CD300935807 /* ClutchPrint.m in Sources */ = {isa = PBXBuildFile; fileRef = D7F341D81C7212F3006E7700 /* ClutchPrint.m */; };
		266FD1A01E1D7CFF00935807 /* libncurses.tbd in Frameworks */ = {isa = PBXBuildFile; fileRef = 266FD19F1E1D7CFF00935807 /* libncurses.tbd */; };
		266FD1A11E1D7D1500935807 /* Foundation.framework in Frameworks */ = {isa = PBXBuildFile; fileRef = 324EA6261A89258000844540 /* Foundation.framework */; };
		266FD1A21E1D7D2200935807 /* MobileCoreServices.framework in Frameworks */ = {isa = PBXBuildFile; fileRef = 324EA63D1A89260A00844540 /* MobileCoreServices.framework */; };
		26AA1FE62070DC7900D29EB5 /* ioapi.c in Sources */ = {isa = PBXBuildFile; fileRef = 26FB0326201BFDC10046D1CA /* ioapi.c */; };
		26AA1FE72070DC7900D29EB5 /* unzip.c in Sources */ = {isa = PBXBuildFile; fileRef = 26FB0328201BFDC10046D1CA /* unzip.c */; };
		26AA1FE82070DC7900D29EB5 /* zip.c in Sources */ = {isa = PBXBuildFile; fileRef = 26FB032A201BFDC10046D1CA /* zip.c */; };
		26AB705A1E1D81D400BDAE34 /* libz.tbd in Frameworks */ = {isa = PBXBuildFile; fileRef = 26AB70591E1D81D400BDAE34 /* libz.tbd */; };
		26AB705C1E1D857E00BDAE34 /* Clutch-Prefix.pch in Headers */ = {isa = PBXBuildFile; fileRef = 26AB705B1E1D857E00BDAE34 /* Clutch-Prefix.pch */; };
		26AB705E1E1D8CA600BDAE34 /* main.m in Sources */ = {isa = PBXBuildFile; fileRef = 324EA6321A89258000844540 /* main.m */; };
		26AB70871E1DC6DB00BDAE34 /* libMiniZip.a in Frameworks */ = {isa = PBXBuildFile; fileRef = 26AB70791E1DC67500BDAE34 /* libMiniZip.a */; };
		26FB0323201BFD8F0046D1CA /* KJApplicationManager.m in Sources */ = {isa = PBXBuildFile; fileRef = 26FB0322201BFD8F0046D1CA /* KJApplicationManager.m */; };
		D7C6DCC01E250B7000B5AFEE /* ClutchCommands.h in Headers */ = {isa = PBXBuildFile; fileRef = D7C6DCBE1E250B7000B5AFEE /* ClutchCommands.h */; };
		D7C6DCC11E250B7000B5AFEE /* ClutchCommands.m in Sources */ = {isa = PBXBuildFile; fileRef = D7C6DCBF1E250B7000B5AFEE /* ClutchCommands.m */; };
/* End PBXBuildFile section */

/* Begin PBXContainerItemProxy section */
		26AB70851E1DC6AB00BDAE34 /* PBXContainerItemProxy */ = {
			isa = PBXContainerItemProxy;
			containerPortal = 324EA61B1A89258000844540 /* Project object */;
			proxyType = 1;
			remoteGlobalIDString = 26AB70781E1DC67500BDAE34;
			remoteInfo = MiniZip;
		};
/* End PBXContainerItemProxy section */

/* Begin PBXCopyFilesBuildPhase section */
		26AB70771E1DC67500BDAE34 /* CopyFiles */ = {
			isa = PBXCopyFilesBuildPhase;
			buildActionMask = 2147483647;
			dstPath = "include/$(PRODUCT_NAME)";
			dstSubfolderSpec = 16;
			files = (
			);
			runOnlyForDeploymentPostprocessing = 0;
		};
/* End PBXCopyFilesBuildPhase section */

/* Begin PBXFileReference section */
		266FD1661E1D7C6200935807 /* Clutch.app */ = {isa = PBXFileReference; explicitFileType = wrapper.application; includeInIndex = 0; path = Clutch.app; sourceTree = BUILT_PRODUCTS_DIR; };
		266FD19F1E1D7CFF00935807 /* libncurses.tbd */ = {isa = PBXFileReference; lastKnownFileType = "sourcecode.text-based-dylib-definition"; name = libncurses.tbd; path = usr/lib/libncurses.tbd; sourceTree = SDKROOT; };
		269A62DD200FBF300001EC06 /* Stub.storyboard */ = {isa = PBXFileReference; lastKnownFileType = file.storyboard; path = Stub.storyboard; sourceTree = "<group>"; };
		26AB70591E1D81D400BDAE34 /* libz.tbd */ = {isa = PBXFileReference; lastKnownFileType = "sourcecode.text-based-dylib-definition"; name = libz.tbd; path = usr/lib/libz.tbd; sourceTree = SDKROOT; };
		26AB705B1E1D857E00BDAE34 /* Clutch-Prefix.pch */ = {isa = PBXFileReference; fileEncoding = 4; lastKnownFileType = sourcecode.c.h; path = "Clutch-Prefix.pch"; sourceTree = "<group>"; };
		26AB705F1E1D8E5C00BDAE34 /* Info.plist */ = {isa = PBXFileReference; lastKnownFileType = text.plist.xml; path = Info.plist; sourceTree = "<group>"; };
		26AB70791E1DC67500BDAE34 /* libMiniZip.a */ = {isa = PBXFileReference; explicitFileType = archive.ar; includeInIndex = 0; path = libMiniZip.a; sourceTree = BUILT_PRODUCTS_DIR; };
		26FB0322201BFD8F0046D1CA /* KJApplicationManager.m */ = {isa = PBXFileReference; fileEncoding = 4; lastKnownFileType = sourcecode.c.objc; path = KJApplicationManager.m; sourceTree = "<group>"; };
		26FB0325201BFDC10046D1CA /* crypt.h */ = {isa = PBXFileReference; lastKnownFileType = sourcecode.c.h; path = crypt.h; sourceTree = "<group>"; };
		26FB0326201BFDC10046D1CA /* ioapi.c */ = {isa = PBXFileReference; lastKnownFileType = sourcecode.c.c; path = ioapi.c; sourceTree = "<group>"; };
		26FB0327201BFDC10046D1CA /* ioapi.h */ = {isa = PBXFileReference; lastKnownFileType = sourcecode.c.h; path = ioapi.h; sourceTree = "<group>"; };
		26FB0328201BFDC10046D1CA /* unzip.c */ = {isa = PBXFileReference; lastKnownFileType = sourcecode.c.c; path = unzip.c; sourceTree = "<group>"; };
		26FB0329201BFDC10046D1CA /* unzip.h */ = {isa = PBXFileReference; lastKnownFileType = sourcecode.c.h; path = unzip.h; sourceTree = "<group>"; };
		26FB032A201BFDC10046D1CA /* zip.c */ = {isa = PBXFileReference; lastKnownFileType = sourcecode.c.c; path = zip.c; sourceTree = "<group>"; };
		26FB032B201BFDC10046D1CA /* zip.h */ = {isa = PBXFileReference; lastKnownFileType = sourcecode.c.h; path = zip.h; sourceTree = "<group>"; };
		32042D8D1AC03B580033F163 /* optool.h */ = {isa = PBXFileReference; lastKnownFileType = sourcecode.c.h; path = optool.h; sourceTree = "<group>"; };
		323C86AB1AC03E3F008949F2 /* .gitignore */ = {isa = PBXFileReference; fileEncoding = 4; lastKnownFileType = text; path = .gitignore; sourceTree = SOURCE_ROOT; };
		323C86B01AC05AE4008949F2 /* Dumper.m */ = {isa = PBXFileReference; fileEncoding = 4; lastKnownFileType = sourcecode.c.objc; lineEnding = 0; path = Dumper.m; sourceTree = "<group>"; xcLanguageSpecificationIdentifier = xcode.lang.objc; };
		324EA6261A89258000844540 /* Foundation.framework */ = {isa = PBXFileReference; lastKnownFileType = wrapper.framework; name = Foundation.framework; path = System/Library/Frameworks/Foundation.framework; sourceTree = SDKROOT; };
		324EA6321A89258000844540 /* main.m */ = {isa = PBXFileReference; lastKnownFileType = sourcecode.c.objc; lineEnding = 0; path = main.m; sourceTree = "<group>"; };
		324EA6341A89258000844540 /* Clutch-Prefix.pch */ = {isa = PBXFileReference; lastKnownFileType = sourcecode.c.h; lineEnding = 0; path = "Clutch-Prefix.pch"; sourceTree = "<group>"; };
		324EA63A1A8925DB00844540 /* KJApplicationManager.h */ = {isa = PBXFileReference; fileEncoding = 4; lastKnownFileType = sourcecode.c.h; path = KJApplicationManager.h; sourceTree = "<group>"; };
		324EA63D1A89260A00844540 /* MobileCoreServices.framework */ = {isa = PBXFileReference; lastKnownFileType = wrapper.framework; name = MobileCoreServices.framework; path = System/Library/Frameworks/MobileCoreServices.framework; sourceTree = SDKROOT; };
		324EA6401A8926DC00844540 /* Application.h */ = {isa = PBXFileReference; fileEncoding = 4; lastKnownFileType = sourcecode.c.h; path = Application.h; sourceTree = "<group>"; };
		324EA6411A8926DC00844540 /* Application.m */ = {isa = PBXFileReference; fileEncoding = 4; lastKnownFileType = sourcecode.c.objc; lineEnding = 0; path = Application.m; sourceTree = "<group>"; xcLanguageSpecificationIdentifier = xcode.lang.objc; };
		324EA6431A89270D00844540 /* Clutch.entitlements */ = {isa = PBXFileReference; fileEncoding = 4; lastKnownFileType = text.xml; path = Clutch.entitlements; sourceTree = "<group>"; };
		324EA6471A892AAD00844540 /* FBApplicationInfo.h */ = {isa = PBXFileReference; lastKnownFileType = sourcecode.c.h; path = FBApplicationInfo.h; sourceTree = "<group>"; };
		3258FD621A90AAED007C2E66 /* Device.h */ = {isa = PBXFileReference; fileEncoding = 4; lastKnownFileType = sourcecode.c.h; path = Device.h; sourceTree = "<group>"; };
		3258FD631A90AAED007C2E66 /* Device.m */ = {isa = PBXFileReference; fileEncoding = 4; lastKnownFileType = sourcecode.c.objc; path = Device.m; sourceTree = "<group>"; };
		326ABC881AD2B94000B21FCC /* FrameworkLoader.h */ = {isa = PBXFileReference; fileEncoding = 4; lastKnownFileType = sourcecode.c.h; path = FrameworkLoader.h; sourceTree = "<group>"; };
		326ABC891AD2B94000B21FCC /* FrameworkLoader.m */ = {isa = PBXFileReference; fileEncoding = 4; lastKnownFileType = sourcecode.c.objc; lineEnding = 0; path = FrameworkLoader.m; sourceTree = "<group>"; xcLanguageSpecificationIdentifier = xcode.lang.objc; };
		326E8D2C1AE53DED00DCDD64 /* NSBundle+Clutch.h */ = {isa = PBXFileReference; fileEncoding = 4; lastKnownFileType = sourcecode.c.h; path = "NSBundle+Clutch.h"; sourceTree = "<group>"; };
		326E8D2D1AE53DED00DCDD64 /* NSBundle+Clutch.m */ = {isa = PBXFileReference; fileEncoding = 4; lastKnownFileType = sourcecode.c.objc; path = "NSBundle+Clutch.m"; sourceTree = "<group>"; };
		3274B9551ABEA60500964049 /* BinaryDumpProtocol.h */ = {isa = PBXFileReference; lastKnownFileType = sourcecode.c.h; path = BinaryDumpProtocol.h; sourceTree = "<group>"; };
		3274B9561ABEA6E100964049 /* ARMDumper.h */ = {isa = PBXFileReference; fileEncoding = 4; lastKnownFileType = sourcecode.c.h; path = ARMDumper.h; sourceTree = "<group>"; };
		3274B9571ABEA6E100964049 /* ARMDumper.m */ = {isa = PBXFileReference; fileEncoding = 4; lastKnownFileType = sourcecode.c.objc; lineEnding = 0; path = ARMDumper.m; sourceTree = "<group>"; xcLanguageSpecificationIdentifier = xcode.lang.objc; };
		3274B95B1ABEA92800964049 /* Dumper.h */ = {isa = PBXFileReference; fileEncoding = 4; lastKnownFileType = sourcecode.c.h; lineEnding = 0; path = Dumper.h; sourceTree = "<group>"; xcLanguageSpecificationIdentifier = xcode.lang.objcpp; };
		3274B95E1ABEB00400964049 /* ARM64Dumper.h */ = {isa = PBXFileReference; fileEncoding = 4; lastKnownFileType = sourcecode.c.h; path = ARM64Dumper.h; sourceTree = "<group>"; };
		3274B95F1ABEB00400964049 /* ARM64Dumper.m */ = {isa = PBXFileReference; fileEncoding = 4; lastKnownFileType = sourcecode.c.objc; lineEnding = 0; path = ARM64Dumper.m; sourceTree = "<group>"; xcLanguageSpecificationIdentifier = xcode.lang.objc; };
		3277BF971ACD50BD0060935A /* FrameworkDumper.h */ = {isa = PBXFileReference; fileEncoding = 4; lastKnownFileType = sourcecode.c.h; path = FrameworkDumper.h; sourceTree = "<group>"; };
		3277BF981ACD50BD0060935A /* FrameworkDumper.m */ = {isa = PBXFileReference; fileEncoding = 4; lastKnownFileType = sourcecode.c.objc; path = FrameworkDumper.m; sourceTree = "<group>"; };
		3282BB7A1A8C920D00E5068A /* FinalizeDumpOperation.h */ = {isa = PBXFileReference; fileEncoding = 4; lastKnownFileType = sourcecode.c.h; path = FinalizeDumpOperation.h; sourceTree = "<group>"; };
		3282BB7B1A8C920D00E5068A /* FinalizeDumpOperation.m */ = {isa = PBXFileReference; fileEncoding = 4; lastKnownFileType = sourcecode.c.objc; lineEnding = 0; path = FinalizeDumpOperation.m; sourceTree = "<group>"; xcLanguageSpecificationIdentifier = xcode.lang.objc; };
		3282BE051A8D9ACD00E5068A /* optool-defines.h */ = {isa = PBXFileReference; fileEncoding = 4; lastKnownFileType = sourcecode.c.h; path = "optool-defines.h"; sourceTree = "<group>"; };
		3282BE061A8D9ACD00E5068A /* optool-headers.h */ = {isa = PBXFileReference; fileEncoding = 4; lastKnownFileType = sourcecode.c.h; path = "optool-headers.h"; sourceTree = "<group>"; };
		3282BE071A8D9ACD00E5068A /* optool-headers.m */ = {isa = PBXFileReference; fileEncoding = 4; lastKnownFileType = sourcecode.c.objc; path = "optool-headers.m"; sourceTree = "<group>"; };
		3282BE081A8D9ACD00E5068A /* NSData+Reading.h */ = {isa = PBXFileReference; fileEncoding = 4; lastKnownFileType = sourcecode.c.h; path = "NSData+Reading.h"; sourceTree = "<group>"; };
		3282BE091A8D9ACD00E5068A /* NSData+Reading.m */ = {isa = PBXFileReference; fileEncoding = 4; lastKnownFileType = sourcecode.c.objc; path = "NSData+Reading.m"; sourceTree = "<group>"; };
		3282BE0A1A8D9ACD00E5068A /* optool-operations.h */ = {isa = PBXFileReference; fileEncoding = 4; lastKnownFileType = sourcecode.c.h; path = "optool-operations.h"; sourceTree = "<group>"; };
		3282BE0B1A8D9ACD00E5068A /* optool-operations.m */ = {isa = PBXFileReference; fileEncoding = 4; lastKnownFileType = sourcecode.c.objc; lineEnding = 0; path = "optool-operations.m"; sourceTree = "<group>"; xcLanguageSpecificationIdentifier = xcode.lang.objc; };
		328359DC1ACC118D003587F3 /* NSFileHandle+Private.h */ = {isa = PBXFileReference; fileEncoding = 4; lastKnownFileType = sourcecode.c.h; path = "NSFileHandle+Private.h"; sourceTree = "<group>"; };
		328359DD1ACC118D003587F3 /* NSFileHandle+Private.m */ = {isa = PBXFileReference; fileEncoding = 4; lastKnownFileType = sourcecode.c.objc; path = "NSFileHandle+Private.m"; sourceTree = "<group>"; };
		328CCB351ACECEB500B21225 /* scinfo.h */ = {isa = PBXFileReference; fileEncoding = 4; lastKnownFileType = sourcecode.c.h; path = scinfo.h; sourceTree = "<group>"; };
		328CCB361ACECEB500B21225 /* scinfo.m */ = {isa = PBXFileReference; fileEncoding = 4; lastKnownFileType = sourcecode.c.objc; path = scinfo.m; sourceTree = "<group>"; };
		328CCB381ACECF4100B21225 /* Framework64Dumper.h */ = {isa = PBXFileReference; fileEncoding = 4; lastKnownFileType = sourcecode.c.h; path = Framework64Dumper.h; sourceTree = "<group>"; };
		328CCB391ACECF4100B21225 /* Framework64Dumper.m */ = {isa = PBXFileReference; fileEncoding = 4; lastKnownFileType = sourcecode.c.objc; lineEnding = 0; path = Framework64Dumper.m; sourceTree = "<group>"; xcLanguageSpecificationIdentifier = xcode.lang.objc; };
		328CCB3B1ACECF5800B21225 /* README.md */ = {isa = PBXFileReference; fileEncoding = 4; lastKnownFileType = net.daringfireball.markdown; path = README.md; sourceTree = SOURCE_ROOT; };
		328CCB3D1ACED00600B21225 /* SCInfoBuilder.h */ = {isa = PBXFileReference; fileEncoding = 4; lastKnownFileType = sourcecode.c.h; path = SCInfoBuilder.h; sourceTree = "<group>"; };
		328CCB3E1ACED00600B21225 /* SCInfoBuilder.m */ = {isa = PBXFileReference; fileEncoding = 4; lastKnownFileType = sourcecode.c.objc; path = SCInfoBuilder.m; sourceTree = "<group>"; };
		328CCB4B1ACFFBD500B21225 /* UIKit.framework */ = {isa = PBXFileReference; lastKnownFileType = wrapper.framework; name = UIKit.framework; path = System/Library/Frameworks/UIKit.framework; sourceTree = SDKROOT; };
		328CCB711AD004FF00B21225 /* NSTask.h */ = {isa = PBXFileReference; fileEncoding = 4; lastKnownFileType = sourcecode.c.h; path = NSTask.h; sourceTree = "<group>"; };
		32BC93F11A8F3C0B00805D14 /* mach_vm.h */ = {isa = PBXFileReference; lastKnownFileType = sourcecode.c.h; path = mach_vm.h; sourceTree = "<group>"; };
		32BC93F21A8F726800805D14 /* ASLRDisabler.h */ = {isa = PBXFileReference; fileEncoding = 4; lastKnownFileType = sourcecode.c.h; path = ASLRDisabler.h; sourceTree = "<group>"; };
		32BC93F31A8F726800805D14 /* ASLRDisabler.m */ = {isa = PBXFileReference; fileEncoding = 4; lastKnownFileType = sourcecode.c.objc; path = ASLRDisabler.m; sourceTree = "<group>"; };
		32EFB6CE1A8A4F0E005BB56C /* ZipArchive.h */ = {isa = PBXFileReference; fileEncoding = 4; lastKnownFileType = sourcecode.c.h; path = ZipArchive.h; sourceTree = "<group>"; };
		32EFB6CF1A8A4F0E005BB56C /* ZipArchive.m */ = {isa = PBXFileReference; fileEncoding = 4; lastKnownFileType = sourcecode.c.objc; path = ZipArchive.m; sourceTree = "<group>"; };
		32EFB6F61A8AC2AF005BB56C /* BundleDumpOperation.h */ = {isa = PBXFileReference; fileEncoding = 4; lastKnownFileType = sourcecode.c.h; path = BundleDumpOperation.h; sourceTree = "<group>"; };
		32EFB6F71A8AC2AF005BB56C /* BundleDumpOperation.m */ = {isa = PBXFileReference; fileEncoding = 4; lastKnownFileType = sourcecode.c.objc; lineEnding = 0; path = BundleDumpOperation.m; sourceTree = "<group>"; xcLanguageSpecificationIdentifier = xcode.lang.objc; };
		32EFB6F91A8AE1A3005BB56C /* ZipOperation.h */ = {isa = PBXFileReference; fileEncoding = 4; lastKnownFileType = sourcecode.c.h; path = ZipOperation.h; sourceTree = "<group>"; };
		32EFB6FA1A8AE1A3005BB56C /* ZipOperation.m */ = {isa = PBXFileReference; fileEncoding = 4; lastKnownFileType = sourcecode.c.objc; path = ZipOperation.m; sourceTree = "<group>"; };
		32FB77A31A89BEAD00BB5ABC /* Framework.h */ = {isa = PBXFileReference; fileEncoding = 4; lastKnownFileType = sourcecode.c.h; path = Framework.h; sourceTree = "<group>"; };
		32FB77A41A89BEAD00BB5ABC /* Framework.m */ = {isa = PBXFileReference; fileEncoding = 4; lastKnownFileType = sourcecode.c.objc; path = Framework.m; sourceTree = "<group>"; };
		32FB77A61A89BEBE00BB5ABC /* Extension.h */ = {isa = PBXFileReference; fileEncoding = 4; lastKnownFileType = sourcecode.c.h; path = Extension.h; sourceTree = "<group>"; };
		32FB77A71A89BEBE00BB5ABC /* Extension.m */ = {isa = PBXFileReference; fileEncoding = 4; lastKnownFileType = sourcecode.c.objc; path = Extension.m; sourceTree = "<group>"; };
		32FB77BF1A89F09300BB5ABC /* ClutchBundle.h */ = {isa = PBXFileReference; fileEncoding = 4; lastKnownFileType = sourcecode.c.h; path = ClutchBundle.h; sourceTree = "<group>"; };
		32FB77C01A89F09300BB5ABC /* ClutchBundle.m */ = {isa = PBXFileReference; fileEncoding = 4; lastKnownFileType = sourcecode.c.objc; path = ClutchBundle.m; sourceTree = "<group>"; };
		32FB77C21A89F13000BB5ABC /* Binary.h */ = {isa = PBXFileReference; fileEncoding = 4; lastKnownFileType = sourcecode.c.h; path = Binary.h; sourceTree = "<group>"; };
		32FB77C31A89F13000BB5ABC /* Binary.m */ = {isa = PBXFileReference; fileEncoding = 4; lastKnownFileType = sourcecode.c.objc; lineEnding = 0; path = Binary.m; sourceTree = "<group>"; xcLanguageSpecificationIdentifier = xcode.lang.objc; };
		AD16CC911C57291600A624EC /* LSApplicationWorkspace.h */ = {isa = PBXFileReference; lastKnownFileType = sourcecode.c.h; path = LSApplicationWorkspace.h; sourceTree = "<group>"; };
		ADAD7C171C5B3C8600644FD6 /* sha1.c */ = {isa = PBXFileReference; fileEncoding = 4; lastKnownFileType = sourcecode.c.c; path = sha1.c; sourceTree = "<group>"; };
		ADAD7C181C5B3C8600644FD6 /* sha1.h */ = {isa = PBXFileReference; fileEncoding = 4; lastKnownFileType = sourcecode.c.h; path = sha1.h; sourceTree = "<group>"; };
		ADD6D6C71B29A857005FDFB5 /* LSApplicationProxy.h */ = {isa = PBXFileReference; lastKnownFileType = sourcecode.c.h; name = LSApplicationProxy.h; path = ../LSApplicationProxy.h; sourceTree = "<group>"; };
		D7C6DCBE1E250B7000B5AFEE /* ClutchCommands.h */ = {isa = PBXFileReference; fileEncoding = 4; lastKnownFileType = sourcecode.c.h; path = ClutchCommands.h; sourceTree = "<group>"; };
		D7C6DCBF1E250B7000B5AFEE /* ClutchCommands.m */ = {isa = PBXFileReference; fileEncoding = 4; lastKnownFileType = sourcecode.c.objc; path = ClutchCommands.m; sourceTree = "<group>"; };
		D7C6DCC41E25A18200B5AFEE /* move_and_sign.sh */ = {isa = PBXFileReference; lastKnownFileType = text.script.sh; path = move_and_sign.sh; sourceTree = "<group>"; };
		D7F341D71C7212F3006E7700 /* ClutchPrint.h */ = {isa = PBXFileReference; fileEncoding = 4; lastKnownFileType = sourcecode.c.h; path = ClutchPrint.h; sourceTree = "<group>"; };
		D7F341D81C7212F3006E7700 /* ClutchPrint.m */ = {isa = PBXFileReference; fileEncoding = 4; lastKnownFileType = sourcecode.c.objc; path = ClutchPrint.m; sourceTree = "<group>"; };
/* End PBXFileReference section */

/* Begin PBXFrameworksBuildPhase section */
		266FD1631E1D7C6200935807 /* Frameworks */ = {
			isa = PBXFrameworksBuildPhase;
			buildActionMask = 2147483647;
			files = (
				26AB70871E1DC6DB00BDAE34 /* libMiniZip.a in Frameworks */,
				26AB705A1E1D81D400BDAE34 /* libz.tbd in Frameworks */,
				266FD1A21E1D7D2200935807 /* MobileCoreServices.framework in Frameworks */,
				266FD1A11E1D7D1500935807 /* Foundation.framework in Frameworks */,
				266FD1A01E1D7CFF00935807 /* libncurses.tbd in Frameworks */,
			);
			runOnlyForDeploymentPostprocessing = 0;
		};
		26AB70761E1DC67500BDAE34 /* Frameworks */ = {
			isa = PBXFrameworksBuildPhase;
			buildActionMask = 2147483647;
			files = (
			);
			runOnlyForDeploymentPostprocessing = 0;
		};
/* End PBXFrameworksBuildPhase section */

/* Begin PBXGroup section */
		26FB0324201BFDC10046D1CA /* MiniZip */ = {
			isa = PBXGroup;
			children = (
				26FB0325201BFDC10046D1CA /* crypt.h */,
				26FB0326201BFDC10046D1CA /* ioapi.c */,
				26FB0327201BFDC10046D1CA /* ioapi.h */,
				26FB0328201BFDC10046D1CA /* unzip.c */,
				26FB0329201BFDC10046D1CA /* unzip.h */,
				26FB032A201BFDC10046D1CA /* zip.c */,
				26FB032B201BFDC10046D1CA /* zip.h */,
			);
			name = MiniZip;
			path = Clutch/MiniZip;
			sourceTree = "<group>";
		};
		324EA61A1A89258000844540 = {
			isa = PBXGroup;
			children = (
				324EA6281A89258000844540 /* Clutch */,
				26FB0324201BFDC10046D1CA /* MiniZip */,
				324EA6251A89258000844540 /* Frameworks */,
				324EA6241A89258000844540 /* Products */,
			);
			sourceTree = "<group>";
		};
		324EA6241A89258000844540 /* Products */ = {
			isa = PBXGroup;
			children = (
				266FD1661E1D7C6200935807 /* Clutch.app */,
				26AB70791E1DC67500BDAE34 /* libMiniZip.a */,
			);
			name = Products;
			sourceTree = "<group>";
		};
		324EA6251A89258000844540 /* Frameworks */ = {
			isa = PBXGroup;
			children = (
				26AB70591E1D81D400BDAE34 /* libz.tbd */,
				266FD19F1E1D7CFF00935807 /* libncurses.tbd */,
				324EA63D1A89260A00844540 /* MobileCoreServices.framework */,
				324EA6261A89258000844540 /* Foundation.framework */,
				328CCB4B1ACFFBD500B21225 /* UIKit.framework */,
			);
			name = Frameworks;
			sourceTree = "<group>";
		};
		324EA6281A89258000844540 /* Clutch */ = {
			isa = PBXGroup;
			children = (
				D7C6DCC31E25A16C00B5AFEE /* scripts */,
				D7C6DCBD1E250B3000B5AFEE /* Commands */,
				32EFB6F51A8AC29D005BB56C /* Operations */,
				32FB77AA1A89D6C500BB5ABC /* Dumpers */,
				32FB77A91A89CBAF00BB5ABC /* Application */,
				324EA63A1A8925DB00844540 /* KJApplicationManager.h */,
				26FB0322201BFD8F0046D1CA /* KJApplicationManager.m */,
				3258FD621A90AAED007C2E66 /* Device.h */,
				3258FD631A90AAED007C2E66 /* Device.m */,
				324EA6321A89258000844540 /* main.m */,
				324EA62D1A89258000844540 /* Supporting Files */,
				D7F341D71C7212F3006E7700 /* ClutchPrint.h */,
				D7F341D81C7212F3006E7700 /* ClutchPrint.m */,
			);
			path = Clutch;
			sourceTree = "<group>";
		};
		324EA62D1A89258000844540 /* Supporting Files */ = {
			isa = PBXGroup;
			children = (
				26AB705B1E1D857E00BDAE34 /* Clutch-Prefix.pch */,
				328CCB3D1ACED00600B21225 /* SCInfoBuilder.h */,
				328CCB3E1ACED00600B21225 /* SCInfoBuilder.m */,
				ADAD7C171C5B3C8600644FD6 /* sha1.c */,
				ADAD7C181C5B3C8600644FD6 /* sha1.h */,
				324EA6431A89270D00844540 /* Clutch.entitlements */,
				32BC93F11A8F3C0B00805D14 /* mach_vm.h */,
				328CCB711AD004FF00B21225 /* NSTask.h */,
				328CCB351ACECEB500B21225 /* scinfo.h */,
				328CCB361ACECEB500B21225 /* scinfo.m */,
				ADD6D6C71B29A857005FDFB5 /* LSApplicationProxy.h */,
				AD16CC911C57291600A624EC /* LSApplicationWorkspace.h */,
				3282BE041A8D9A9100E5068A /* optool */,
				32EFB6CD1A8A4F06005BB56C /* Zip */,
				324EA6471A892AAD00844540 /* FBApplicationInfo.h */,
				26AB705F1E1D8E5C00BDAE34 /* Info.plist */,
				324EA6341A89258000844540 /* Clutch-Prefix.pch */,
				328359DC1ACC118D003587F3 /* NSFileHandle+Private.h */,
				328359DD1ACC118D003587F3 /* NSFileHandle+Private.m */,
				326E8D2C1AE53DED00DCDD64 /* NSBundle+Clutch.h */,
				326E8D2D1AE53DED00DCDD64 /* NSBundle+Clutch.m */,
				328CCB3B1ACECF5800B21225 /* README.md */,
				323C86AB1AC03E3F008949F2 /* .gitignore */,
				269A62DD200FBF300001EC06 /* Stub.storyboard */,
			);
			name = "Supporting Files";
			sourceTree = "<group>";
		};
		3274B9541ABEA5F400964049 /* Protocol + Parent Dumper */ = {
			isa = PBXGroup;
			children = (
				3274B9551ABEA60500964049 /* BinaryDumpProtocol.h */,
				3274B95B1ABEA92800964049 /* Dumper.h */,
				323C86B01AC05AE4008949F2 /* Dumper.m */,
			);
			name = "Protocol + Parent Dumper";
			sourceTree = "<group>";
		};
		3282BE041A8D9A9100E5068A /* optool */ = {
			isa = PBXGroup;
			children = (
				32042D8D1AC03B580033F163 /* optool.h */,
				3282BE051A8D9ACD00E5068A /* optool-defines.h */,
				3282BE061A8D9ACD00E5068A /* optool-headers.h */,
				3282BE071A8D9ACD00E5068A /* optool-headers.m */,
				3282BE0A1A8D9ACD00E5068A /* optool-operations.h */,
				3282BE0B1A8D9ACD00E5068A /* optool-operations.m */,
				3282BE081A8D9ACD00E5068A /* NSData+Reading.h */,
				3282BE091A8D9ACD00E5068A /* NSData+Reading.m */,
			);
			name = optool;
			sourceTree = "<group>";
		};
		32EFB6CD1A8A4F06005BB56C /* Zip */ = {
			isa = PBXGroup;
			children = (
				32EFB6CE1A8A4F0E005BB56C /* ZipArchive.h */,
				32EFB6CF1A8A4F0E005BB56C /* ZipArchive.m */,
			);
			name = Zip;
			sourceTree = "<group>";
		};
		32EFB6F51A8AC29D005BB56C /* Operations */ = {
			isa = PBXGroup;
			children = (
				32EFB6F91A8AE1A3005BB56C /* ZipOperation.h */,
				32EFB6FA1A8AE1A3005BB56C /* ZipOperation.m */,
				32EFB6F61A8AC2AF005BB56C /* BundleDumpOperation.h */,
				32EFB6F71A8AC2AF005BB56C /* BundleDumpOperation.m */,
				3282BB7A1A8C920D00E5068A /* FinalizeDumpOperation.h */,
				3282BB7B1A8C920D00E5068A /* FinalizeDumpOperation.m */,
			);
			name = Operations;
			sourceTree = "<group>";
		};
		32FB77A91A89CBAF00BB5ABC /* Application */ = {
			isa = PBXGroup;
			children = (
				32FB77C51A89F3BE00BB5ABC /* ClutchBundle */,
				324EA6401A8926DC00844540 /* Application.h */,
				324EA6411A8926DC00844540 /* Application.m */,
				32FB77A61A89BEBE00BB5ABC /* Extension.h */,
				32FB77A71A89BEBE00BB5ABC /* Extension.m */,
				32FB77A31A89BEAD00BB5ABC /* Framework.h */,
				32FB77A41A89BEAD00BB5ABC /* Framework.m */,
			);
			name = Application;
			sourceTree = "<group>";
		};
		32FB77AA1A89D6C500BB5ABC /* Dumpers */ = {
			isa = PBXGroup;
			children = (
				3274B9541ABEA5F400964049 /* Protocol + Parent Dumper */,
				32BC93F21A8F726800805D14 /* ASLRDisabler.h */,
				32BC93F31A8F726800805D14 /* ASLRDisabler.m */,
				3274B9561ABEA6E100964049 /* ARMDumper.h */,
				3274B9571ABEA6E100964049 /* ARMDumper.m */,
				3274B95E1ABEB00400964049 /* ARM64Dumper.h */,
				3274B95F1ABEB00400964049 /* ARM64Dumper.m */,
				3277BF971ACD50BD0060935A /* FrameworkDumper.h */,
				3277BF981ACD50BD0060935A /* FrameworkDumper.m */,
				328CCB381ACECF4100B21225 /* Framework64Dumper.h */,
				328CCB391ACECF4100B21225 /* Framework64Dumper.m */,
				326ABC881AD2B94000B21FCC /* FrameworkLoader.h */,
				326ABC891AD2B94000B21FCC /* FrameworkLoader.m */,
			);
			name = Dumpers;
			sourceTree = "<group>";
		};
		32FB77C51A89F3BE00BB5ABC /* ClutchBundle */ = {
			isa = PBXGroup;
			children = (
				32FB77C21A89F13000BB5ABC /* Binary.h */,
				32FB77C31A89F13000BB5ABC /* Binary.m */,
				32FB77BF1A89F09300BB5ABC /* ClutchBundle.h */,
				32FB77C01A89F09300BB5ABC /* ClutchBundle.m */,
			);
			name = ClutchBundle;
			sourceTree = "<group>";
		};
		D7C6DCBD1E250B3000B5AFEE /* Commands */ = {
			isa = PBXGroup;
			children = (
				D7C6DCBE1E250B7000B5AFEE /* ClutchCommands.h */,
				D7C6DCBF1E250B7000B5AFEE /* ClutchCommands.m */,
			);
			name = Commands;
			sourceTree = "<group>";
		};
		D7C6DCC31E25A16C00B5AFEE /* scripts */ = {
			isa = PBXGroup;
			children = (
				D7C6DCC41E25A18200B5AFEE /* move_and_sign.sh */,
			);
			name = scripts;
			sourceTree = "<group>";
		};
/* End PBXGroup section */

/* Begin PBXHeadersBuildPhase section */
		266FD1A31E1D7D5E00935807 /* Headers */ = {
			isa = PBXHeadersBuildPhase;
			buildActionMask = 2147483647;
			files = (
				26AB705C1E1D857E00BDAE34 /* Clutch-Prefix.pch in Headers */,
				D7C6DCC01E250B7000B5AFEE /* ClutchCommands.h in Headers */,
			);
			runOnlyForDeploymentPostprocessing = 0;
		};
/* End PBXHeadersBuildPhase section */

/* Begin PBXNativeTarget section */
		266FD1651E1D7C6200935807 /* Clutch */ = {
			isa = PBXNativeTarget;
			buildConfigurationList = 266FD17A1E1D7C6200935807 /* Build configuration list for PBXNativeTarget "Clutch" */;
			buildPhases = (
				266FD1621E1D7C6200935807 /* Sources */,
				266FD1631E1D7C6200935807 /* Frameworks */,
				266FD1A31E1D7D5E00935807 /* Headers */,
				D7C6DCC21E252E5800B5AFEE /* ShellScript */,
			);
			buildRules = (
			);
			dependencies = (
				26AB70861E1DC6AB00BDAE34 /* PBXTargetDependency */,
			);
			name = Clutch;
			productName = Clutch;
			productReference = 266FD1661E1D7C6200935807 /* Clutch.app */;
			productType = "com.apple.product-type.application";
		};
		26AB70781E1DC67500BDAE34 /* MiniZip */ = {
			isa = PBXNativeTarget;
			buildConfigurationList = 26AB707F1E1DC67500BDAE34 /* Build configuration list for PBXNativeTarget "MiniZip" */;
			buildPhases = (
				26AB70751E1DC67500BDAE34 /* Sources */,
				26AB70761E1DC67500BDAE34 /* Frameworks */,
				26AB70771E1DC67500BDAE34 /* CopyFiles */,
			);
			buildRules = (
			);
			dependencies = (
			);
			name = MiniZip;
			productName = MiniZip;
			productReference = 26AB70791E1DC67500BDAE34 /* libMiniZip.a */;
			productType = "com.apple.product-type.library.static";
		};
/* End PBXNativeTarget section */

/* Begin PBXProject section */
		324EA61B1A89258000844540 /* Project object */ = {
			isa = PBXProject;
			attributes = {
				LastUpgradeCheck = 0930;
				TargetAttributes = {
					266FD1651E1D7C6200935807 = {
						CreatedOnToolsVersion = 8.2.1;
						DevelopmentTeam = EU5R2QY9HJ;
						ProvisioningStyle = Manual;
					};
					26AB70781E1DC67500BDAE34 = {
						CreatedOnToolsVersion = 8.2.1;
						ProvisioningStyle = Manual;
					};
				};
			};
			buildConfigurationList = 324EA61E1A89258000844540 /* Build configuration list for PBXProject "Clutch" */;
			compatibilityVersion = "Xcode 3.2";
			developmentRegion = English;
			hasScannedForEncodings = 0;
			knownRegions = (
				en,
				Base,
			);
			mainGroup = 324EA61A1A89258000844540;
			productRefGroup = 324EA6241A89258000844540 /* Products */;
			projectDirPath = "";
			projectRoot = "";
			targets = (
				266FD1651E1D7C6200935807 /* Clutch */,
				26AB70781E1DC67500BDAE34 /* MiniZip */,
			);
		};
/* End PBXProject section */

/* Begin PBXShellScriptBuildPhase section */
		D7C6DCC21E252E5800B5AFEE /* ShellScript */ = {
			isa = PBXShellScriptBuildPhase;
			buildActionMask = 2147483647;
			files = (
			);
			inputPaths = (
			);
			outputPaths = (
			);
			runOnlyForDeploymentPostprocessing = 0;
			shellPath = /bin/sh;
			shellScript = "bash \"${PROJECT_DIR}/Clutch/move_and_sign.sh\"";
		};
/* End PBXShellScriptBuildPhase section */

/* Begin PBXSourcesBuildPhase section */
		266FD1621E1D7C6200935807 /* Sources */ = {
			isa = PBXSourcesBuildPhase;
			buildActionMask = 2147483647;
			files = (
				26AB705E1E1D8CA600BDAE34 /* main.m in Sources */,
				266FD17D1E1D7CD300935807 /* ZipOperation.m in Sources */,
				266FD17E1E1D7CD300935807 /* BundleDumpOperation.m in Sources */,
				266FD17F1E1D7CD300935807 /* FinalizeDumpOperation.m in Sources */,
				266FD1801E1D7CD300935807 /* Dumper.m in Sources */,
				266FD1811E1D7CD300935807 /* ASLRDisabler.m in Sources */,
				266FD1821E1D7CD300935807 /* ARMDumper.m in Sources */,
				266FD1831E1D7CD300935807 /* ARM64Dumper.m in Sources */,
				266FD1841E1D7CD300935807 /* FrameworkDumper.m in Sources */,
				266FD1851E1D7CD300935807 /* Framework64Dumper.m in Sources */,
				266FD1861E1D7CD300935807 /* FrameworkLoader.m in Sources */,
				266FD1871E1D7CD300935807 /* Binary.m in Sources */,
				266FD1881E1D7CD300935807 /* ClutchBundle.m in Sources */,
				26FB0323201BFD8F0046D1CA /* KJApplicationManager.m in Sources */,
				266FD1891E1D7CD300935807 /* Application.m in Sources */,
				266FD18A1E1D7CD300935807 /* Extension.m in Sources */,
				266FD18B1E1D7CD300935807 /* Framework.m in Sources */,
				266FD18D1E1D7CD300935807 /* Device.m in Sources */,
				266FD18E1E1D7CD300935807 /* SCInfoBuilder.m in Sources */,
				D7C6DCC11E250B7000B5AFEE /* ClutchCommands.m in Sources */,
				266FD18F1E1D7CD300935807 /* sha1.c in Sources */,
				266FD1901E1D7CD300935807 /* scinfo.m in Sources */,
				266FD1911E1D7CD300935807 /* optool-headers.m in Sources */,
				266FD1921E1D7CD300935807 /* optool-operations.m in Sources */,
				266FD1931E1D7CD300935807 /* NSData+Reading.m in Sources */,
				266FD1971E1D7CD300935807 /* ZipArchive.m in Sources */,
				266FD19C1E1D7CD300935807 /* NSFileHandle+Private.m in Sources */,
				266FD19D1E1D7CD300935807 /* NSBundle+Clutch.m in Sources */,
				266FD19E1E1D7CD300935807 /* ClutchPrint.m in Sources */,
			);
			runOnlyForDeploymentPostprocessing = 0;
		};
		26AB70751E1DC67500BDAE34 /* Sources */ = {
			isa = PBXSourcesBuildPhase;
			buildActionMask = 2147483647;
			files = (
				26AA1FE62070DC7900D29EB5 /* ioapi.c in Sources */,
				26AA1FE72070DC7900D29EB5 /* unzip.c in Sources */,
				26AA1FE82070DC7900D29EB5 /* zip.c in Sources */,
			);
			runOnlyForDeploymentPostprocessing = 0;
		};
/* End PBXSourcesBuildPhase section */

/* Begin PBXTargetDependency section */
		26AB70861E1DC6AB00BDAE34 /* PBXTargetDependency */ = {
			isa = PBXTargetDependency;
			target = 26AB70781E1DC67500BDAE34 /* MiniZip */;
			targetProxy = 26AB70851E1DC6AB00BDAE34 /* PBXContainerItemProxy */;
		};
/* End PBXTargetDependency section */

/* Begin XCBuildConfiguration section */
		266FD17B1E1D7C6200935807 /* Debug */ = {
			isa = XCBuildConfiguration;
			buildSettings = {
				CLANG_ADDRESS_SANITIZER_CONTAINER_OVERFLOW = YES;
				CLANG_CXX_LANGUAGE_STANDARD = "gnu++17";
				CLANG_ENABLE_MODULES = YES;
				CLANG_ENABLE_OBJC_ARC = YES;
				CLANG_UNDEFINED_BEHAVIOR_SANITIZER_INTEGER = YES;
				CLANG_UNDEFINED_BEHAVIOR_SANITIZER_NULLABILITY = YES;
				CLANG_WARN_BLOCK_CAPTURE_AUTORELEASING = YES_ERROR;
				CLANG_WARN_BOOL_CONVERSION = YES_ERROR;
				CLANG_WARN_DOCUMENTATION_COMMENTS = YES;
				CODE_SIGN_IDENTITY = "";
				GCC_CW_ASM_SYNTAX = NO;
				GCC_C_LANGUAGE_STANDARD = gnu11;
				GCC_ENABLE_CPP_EXCEPTIONS = NO;
				GCC_ENABLE_CPP_RTTI = NO;
				GCC_PREFIX_HEADER = "Clutch/Clutch-Prefix.pch";
				GCC_TREAT_WARNINGS_AS_ERRORS = YES;
				GCC_WARN_FOUR_CHARACTER_CONSTANTS = YES;
				GCC_WARN_PEDANTIC = YES;
				GCC_WARN_SHADOW = YES;
				INFOPLIST_FILE = Clutch/Info.plist;
				OTHER_CFLAGS = (
					"$(inherited)",
					"-Wno-gnu-statement-expression",
				);
				PRODUCT_BUNDLE_IDENTIFIER = kjc.Clutch;
				PRODUCT_NAME = "$(TARGET_NAME)";
			};
			name = Debug;
		};
		266FD17C1E1D7C6200935807 /* Release */ = {
			isa = XCBuildConfiguration;
			buildSettings = {
				CLANG_CXX_LANGUAGE_STANDARD = "gnu++17";
				CLANG_ENABLE_MODULES = YES;
				CLANG_ENABLE_OBJC_ARC = YES;
				CLANG_UNDEFINED_BEHAVIOR_SANITIZER_INTEGER = YES;
				CLANG_UNDEFINED_BEHAVIOR_SANITIZER_NULLABILITY = YES;
				CLANG_WARN_BLOCK_CAPTURE_AUTORELEASING = YES_ERROR;
				CLANG_WARN_BOOL_CONVERSION = YES_ERROR;
				CLANG_WARN_DOCUMENTATION_COMMENTS = YES;
				CODE_SIGN_IDENTITY = "";
				GCC_CW_ASM_SYNTAX = NO;
				GCC_C_LANGUAGE_STANDARD = gnu11;
				GCC_ENABLE_CPP_EXCEPTIONS = NO;
				GCC_ENABLE_CPP_RTTI = NO;
				GCC_PREFIX_HEADER = "Clutch/Clutch-Prefix.pch";
				GCC_TREAT_WARNINGS_AS_ERRORS = YES;
				GCC_WARN_FOUR_CHARACTER_CONSTANTS = YES;
				GCC_WARN_PEDANTIC = YES;
				GCC_WARN_SHADOW = YES;
				INFOPLIST_FILE = Clutch/Info.plist;
				OTHER_CFLAGS = (
					"$(inherited)",
					"-Wno-gnu-statement-expression",
				);
				PRODUCT_BUNDLE_IDENTIFIER = kjc.Clutch;
				PRODUCT_NAME = "$(TARGET_NAME)";
			};
			name = Release;
		};
		26AB70801E1DC67500BDAE34 /* Debug */ = {
			isa = XCBuildConfiguration;
			buildSettings = {
				CLANG_ANALYZER_NONNULL = YES;
				CLANG_CXX_LANGUAGE_STANDARD = "gnu++0x";
				CLANG_CXX_LIBRARY = "libc++";
				CLANG_ENABLE_MODULES = YES;
				CLANG_ENABLE_OBJC_ARC = YES;
				CLANG_WARN_DIRECT_OBJC_ISA_USAGE = YES_ERROR;
				CLANG_WARN_DOCUMENTATION_COMMENTS = YES;
				CLANG_WARN_OBJC_ROOT_CLASS = YES_ERROR;
				DEBUG_INFORMATION_FORMAT = dwarf;
				GCC_WARN_ABOUT_RETURN_TYPE = YES_ERROR;
				GCC_WARN_UNINITIALIZED_AUTOS = YES_AGGRESSIVE;
				IPHONEOS_DEPLOYMENT_TARGET = 8.0;
				MTL_ENABLE_DEBUG_INFO = YES;
				OTHER_LDFLAGS = "-ObjC";
				PRODUCT_NAME = "$(TARGET_NAME)";
				SKIP_INSTALL = YES;
			};
			name = Debug;
		};
		26AB70811E1DC67500BDAE34 /* Release */ = {
			isa = XCBuildConfiguration;
			buildSettings = {
				CLANG_ANALYZER_NONNULL = YES;
				CLANG_CXX_LANGUAGE_STANDARD = "gnu++0x";
				CLANG_CXX_LIBRARY = "libc++";
				CLANG_ENABLE_MODULES = YES;
				CLANG_ENABLE_OBJC_ARC = YES;
				CLANG_WARN_DIRECT_OBJC_ISA_USAGE = YES_ERROR;
				CLANG_WARN_DOCUMENTATION_COMMENTS = YES;
				CLANG_WARN_OBJC_ROOT_CLASS = YES_ERROR;
				COPY_PHASE_STRIP = NO;
				DEBUG_INFORMATION_FORMAT = "dwarf-with-dsym";
				ENABLE_NS_ASSERTIONS = NO;
				GCC_WARN_ABOUT_RETURN_TYPE = YES_ERROR;
				GCC_WARN_UNINITIALIZED_AUTOS = YES_AGGRESSIVE;
				IPHONEOS_DEPLOYMENT_TARGET = 8.0;
				MTL_ENABLE_DEBUG_INFO = NO;
				OTHER_LDFLAGS = "-ObjC";
				PRODUCT_NAME = "$(TARGET_NAME)";
				SKIP_INSTALL = YES;
			};
			name = Release;
		};
		324EA6351A89258000844540 /* Debug */ = {
			isa = XCBuildConfiguration;
			buildSettings = {
				CLANG_ANALYZER_NONNULL = YES;
				CLANG_ANALYZER_NUMBER_OBJECT_CONVERSION = YES_AGGRESSIVE;
				CLANG_ANALYZER_SECURITY_FLOATLOOPCOUNTER = YES;
				CLANG_ANALYZER_SECURITY_INSECUREAPI_RAND = YES;
				CLANG_ANALYZER_SECURITY_INSECUREAPI_STRCPY = YES;
				CLANG_ENABLE_OBJC_ARC = YES;
				CLANG_UNDEFINED_BEHAVIOR_SANITIZER_INTEGER = YES;
				CLANG_UNDEFINED_BEHAVIOR_SANITIZER_NULLABILITY = YES;
				CLANG_WARN_ASSIGN_ENUM = YES;
				CLANG_WARN_BLOCK_CAPTURE_AUTORELEASING = YES_ERROR;
				CLANG_WARN_BOOL_CONVERSION = YES_ERROR;
				CLANG_WARN_COMMA = YES_ERROR;
				CLANG_WARN_CONSTANT_CONVERSION = YES_ERROR;
				CLANG_WARN_CXX0X_EXTENSIONS = YES;
				CLANG_WARN_DEPRECATED_OBJC_IMPLEMENTATIONS = YES;
				CLANG_WARN_DIRECT_OBJC_ISA_USAGE = YES_ERROR;
				CLANG_WARN_DOCUMENTATION_COMMENTS = YES;
				CLANG_WARN_EMPTY_BODY = YES;
				CLANG_WARN_ENUM_CONVERSION = YES;
				CLANG_WARN_IMPLICIT_SIGN_CONVERSION = YES_ERROR;
				CLANG_WARN_INFINITE_RECURSION = YES;
				CLANG_WARN_INT_CONVERSION = YES;
				CLANG_WARN_NON_LITERAL_NULL_CONVERSION = YES;
				CLANG_WARN_OBJC_EXPLICIT_OWNERSHIP_TYPE = YES;
				CLANG_WARN_OBJC_IMPLICIT_ATOMIC_PROPERTIES = YES;
				CLANG_WARN_OBJC_IMPLICIT_RETAIN_SELF = YES;
				CLANG_WARN_OBJC_LITERAL_CONVERSION = YES_ERROR;
				CLANG_WARN_OBJC_REPEATED_USE_OF_WEAK = YES;
				CLANG_WARN_OBJC_ROOT_CLASS = YES_ERROR;
				CLANG_WARN_RANGE_LOOP_ANALYSIS = YES;
				CLANG_WARN_STRICT_PROTOTYPES = YES_ERROR;
				CLANG_WARN_SUSPICIOUS_IMPLICIT_CONVERSION = YES_ERROR;
				CLANG_WARN_SUSPICIOUS_MOVE = YES;
				CLANG_WARN_UNREACHABLE_CODE = YES_AGGRESSIVE;
				CLANG_WARN__DUPLICATE_METHOD_MATCH = YES;
				CLANG_WARN__EXIT_TIME_DESTRUCTORS = YES;
				CODE_SIGN_STYLE = Manual;
				COPY_PHASE_STRIP = NO;
				CREATE_INFOPLIST_SECTION_IN_BINARY = YES;
				ENABLE_STRICT_OBJC_MSGSEND = YES;
				ENABLE_TESTABILITY = YES;
				GCC_OPTIMIZATION_LEVEL = 0;
				GCC_PREPROCESSOR_DEFINITIONS = (
					"DEBUG=1",
					"$(inherited)",
				);
				GCC_SYMBOLS_PRIVATE_EXTERN = YES;
				GCC_TREAT_IMPLICIT_FUNCTION_DECLARATIONS_AS_ERRORS = YES;
				GCC_TREAT_INCOMPATIBLE_POINTER_TYPE_WARNINGS_AS_ERRORS = YES;
				GCC_TREAT_WARNINGS_AS_ERRORS = YES;
				GCC_WARN_64_TO_32_BIT_CONVERSION = YES_ERROR;
				GCC_WARN_ABOUT_MISSING_NEWLINE = YES;
				GCC_WARN_ABOUT_MISSING_PROTOTYPES = YES;
				GCC_WARN_ABOUT_RETURN_TYPE = YES_ERROR;
				GCC_WARN_FOUR_CHARACTER_CONSTANTS = YES;
				GCC_WARN_HIDDEN_VIRTUAL_FUNCTIONS = YES;
				GCC_WARN_INITIALIZER_NOT_FULLY_BRACKETED = YES;
				GCC_WARN_NON_VIRTUAL_DESTRUCTOR = YES;
				GCC_WARN_PEDANTIC = YES;
				GCC_WARN_SHADOW = YES;
				GCC_WARN_SIGN_COMPARE = YES;
				GCC_WARN_STRICT_SELECTOR_MATCH = YES;
				GCC_WARN_UNDECLARED_SELECTOR = YES;
				GCC_WARN_UNINITIALIZED_AUTOS = YES_AGGRESSIVE;
				GCC_WARN_UNKNOWN_PRAGMAS = YES;
				GCC_WARN_UNUSED_FUNCTION = YES;
				GCC_WARN_UNUSED_LABEL = YES;
				GCC_WARN_UNUSED_PARAMETER = YES;
				GCC_WARN_UNUSED_VARIABLE = YES;
				IPHONEOS_DEPLOYMENT_TARGET = 8.0;
				ONLY_ACTIVE_ARCH = YES;
				OTHER_CFLAGS = "-Wno-variadic-macros";
				SDKROOT = iphoneos;
				SKIP_INSTALL = YES;
				TARGETED_DEVICE_FAMILY = "1,2";
			};
			name = Debug;
		};
		324EA6361A89258000844540 /* Release */ = {
			isa = XCBuildConfiguration;
			buildSettings = {
				CLANG_ANALYZER_NONNULL = YES;
				CLANG_ANALYZER_NUMBER_OBJECT_CONVERSION = YES_AGGRESSIVE;
				CLANG_ANALYZER_SECURITY_FLOATLOOPCOUNTER = YES;
				CLANG_ANALYZER_SECURITY_INSECUREAPI_RAND = YES;
				CLANG_ANALYZER_SECURITY_INSECUREAPI_STRCPY = YES;
				CLANG_ENABLE_OBJC_ARC = YES;
				CLANG_UNDEFINED_BEHAVIOR_SANITIZER_INTEGER = YES;
				CLANG_UNDEFINED_BEHAVIOR_SANITIZER_NULLABILITY = YES;
				CLANG_WARN_ASSIGN_ENUM = YES;
				CLANG_WARN_BLOCK_CAPTURE_AUTORELEASING = YES_ERROR;
				CLANG_WARN_BOOL_CONVERSION = YES_ERROR;
				CLANG_WARN_COMMA = YES_ERROR;
				CLANG_WARN_CONSTANT_CONVERSION = YES_ERROR;
				CLANG_WARN_CXX0X_EXTENSIONS = YES;
				CLANG_WARN_DEPRECATED_OBJC_IMPLEMENTATIONS = YES;
				CLANG_WARN_DIRECT_OBJC_ISA_USAGE = YES_ERROR;
				CLANG_WARN_DOCUMENTATION_COMMENTS = YES;
				CLANG_WARN_EMPTY_BODY = YES;
				CLANG_WARN_ENUM_CONVERSION = YES;
				CLANG_WARN_IMPLICIT_SIGN_CONVERSION = YES_ERROR;
				CLANG_WARN_INFINITE_RECURSION = YES;
				CLANG_WARN_INT_CONVERSION = YES;
				CLANG_WARN_NON_LITERAL_NULL_CONVERSION = YES;
				CLANG_WARN_OBJC_EXPLICIT_OWNERSHIP_TYPE = YES;
				CLANG_WARN_OBJC_IMPLICIT_ATOMIC_PROPERTIES = YES;
				CLANG_WARN_OBJC_IMPLICIT_RETAIN_SELF = YES;
				CLANG_WARN_OBJC_LITERAL_CONVERSION = YES_ERROR;
				CLANG_WARN_OBJC_REPEATED_USE_OF_WEAK = YES;
				CLANG_WARN_OBJC_ROOT_CLASS = YES_ERROR;
				CLANG_WARN_RANGE_LOOP_ANALYSIS = YES;
				CLANG_WARN_STRICT_PROTOTYPES = YES_ERROR;
				CLANG_WARN_SUSPICIOUS_IMPLICIT_CONVERSION = YES_ERROR;
				CLANG_WARN_SUSPICIOUS_MOVE = YES;
				CLANG_WARN_UNREACHABLE_CODE = YES_AGGRESSIVE;
				CLANG_WARN__DUPLICATE_METHOD_MATCH = YES;
				CLANG_WARN__EXIT_TIME_DESTRUCTORS = YES;
				CODE_SIGN_STYLE = Manual;
				CREATE_INFOPLIST_SECTION_IN_BINARY = YES;
				ENABLE_STRICT_OBJC_MSGSEND = YES;
				GCC_SYMBOLS_PRIVATE_EXTERN = YES;
				GCC_TREAT_IMPLICIT_FUNCTION_DECLARATIONS_AS_ERRORS = YES;
				GCC_TREAT_INCOMPATIBLE_POINTER_TYPE_WARNINGS_AS_ERRORS = YES;
				GCC_TREAT_WARNINGS_AS_ERRORS = YES;
				GCC_WARN_64_TO_32_BIT_CONVERSION = YES_ERROR;
				GCC_WARN_ABOUT_MISSING_NEWLINE = YES;
				GCC_WARN_ABOUT_MISSING_PROTOTYPES = YES;
				GCC_WARN_ABOUT_RETURN_TYPE = YES_ERROR;
				GCC_WARN_FOUR_CHARACTER_CONSTANTS = YES;
				GCC_WARN_HIDDEN_VIRTUAL_FUNCTIONS = YES;
				GCC_WARN_INITIALIZER_NOT_FULLY_BRACKETED = YES;
				GCC_WARN_NON_VIRTUAL_DESTRUCTOR = YES;
				GCC_WARN_PEDANTIC = YES;
				GCC_WARN_SHADOW = YES;
				GCC_WARN_SIGN_COMPARE = YES;
				GCC_WARN_STRICT_SELECTOR_MATCH = YES;
				GCC_WARN_UNDECLARED_SELECTOR = YES;
				GCC_WARN_UNINITIALIZED_AUTOS = YES_AGGRESSIVE;
				GCC_WARN_UNKNOWN_PRAGMAS = YES;
				GCC_WARN_UNUSED_FUNCTION = YES;
				GCC_WARN_UNUSED_LABEL = YES;
				GCC_WARN_UNUSED_PARAMETER = YES;
				GCC_WARN_UNUSED_VARIABLE = YES;
				IPHONEOS_DEPLOYMENT_TARGET = 8.0;
				ONLY_ACTIVE_ARCH = NO;
				OTHER_CFLAGS = "-Wno-variadic-macros";
				SDKROOT = iphoneos;
				SKIP_INSTALL = YES;
				TARGETED_DEVICE_FAMILY = "1,2";
			};
			name = Release;
		};
/* End XCBuildConfiguration section */

/* Begin XCConfigurationList section */
		266FD17A1E1D7C6200935807 /* Build configuration list for PBXNativeTarget "Clutch" */ = {
			isa = XCConfigurationList;
			buildConfigurations = (
				266FD17B1E1D7C6200935807 /* Debug */,
				266FD17C1E1D7C6200935807 /* Release */,
			);
			defaultConfigurationIsVisible = 0;
			defaultConfigurationName = Release;
		};
		26AB707F1E1DC67500BDAE34 /* Build configuration list for PBXNativeTarget "MiniZip" */ = {
			isa = XCConfigurationList;
			buildConfigurations = (
				26AB70801E1DC67500BDAE34 /* Debug */,
				26AB70811E1DC67500BDAE34 /* Release */,
			);
			defaultConfigurationIsVisible = 0;
			defaultConfigurationName = Release;
		};
		324EA61E1A89258000844540 /* Build configuration list for PBXProject "Clutch" */ = {
			isa = XCConfigurationList;
			buildConfigurations = (
				324EA6351A89258000844540 /* Debug */,
				324EA6361A89258000844540 /* Release */,
			);
			defaultConfigurationIsVisible = 0;
			defaultConfigurationName = Release;
		};
/* End XCConfigurationList section */
	};
	rootObject = 324EA61B1A89258000844540 /* Project object */;
}
